// !$*UTF8*$!
{
	archiveVersion = 1;
	classes = {
	};
	objectVersion = 51;
	objects = {

/* Begin PBXBuildFile section */
		06CF18DA23F79273003DA8A4 /* Default-568h@2x.png in Resources */ = {isa = PBXBuildFile; fileRef = 06CF18D923F79272003DA8A4 /* Default-568h@2x.png */; };
		42158AE5247069230016020A /* Domain.framework in Embed Frameworks */ = {isa = PBXBuildFile; fileRef = 42AC76E7246154C000D5F95A /* Domain.framework */; settings = {ATTRIBUTES = (CodeSignOnCopy, RemoveHeadersOnCopy, ); }; };
		42158AE7247069ED0016020A /* Presentation.framework in Embed Frameworks */ = {isa = PBXBuildFile; fileRef = 42AC76A82461545A00D5F95A /* Presentation.framework */; settings = {ATTRIBUTES = (CodeSignOnCopy, RemoveHeadersOnCopy, ); }; };
		42158AED247070C70016020A /* SwifteriOS.framework in Embed Frameworks */ = {isa = PBXBuildFile; fileRef = 42837C01241ADE970047FA59 /* SwifteriOS.framework */; settings = {ATTRIBUTES = (CodeSignOnCopy, RemoveHeadersOnCopy, ); }; };
		422A77EB23BDFD3E005F9DD3 /* FavoListViewController.swift in Sources */ = {isa = PBXBuildFile; fileRef = 422A77EA23BDFD3D005F9DD3 /* FavoListViewController.swift */; };
		422B8FC7246AF36600F8E670 /* Launch Screen.storyboard in Resources */ = {isa = PBXBuildFile; fileRef = 422B8FC6246AF36500F8E670 /* Launch Screen.storyboard */; };
		422B8FC9246AF3AD00F8E670 /* 104478-512.png in Resources */ = {isa = PBXBuildFile; fileRef = 422B8FC8246AF3AD00F8E670 /* 104478-512.png */; };
		42317B392445A96900BDD214 /* ListViewController.swift in Sources */ = {isa = PBXBuildFile; fileRef = 42317B382445A96900BDD214 /* ListViewController.swift */; };
		4235960D2499170B00DE8289 /* SystemConfiguration.framework in Frameworks */ = {isa = PBXBuildFile; fileRef = 423595EF2499170B00DE8289 /* SystemConfiguration.framework */; };
		423CDB49249B357600566398 /* MainPagingViewController.swift in Sources */ = {isa = PBXBuildFile; fileRef = 423CDB48249B357600566398 /* MainPagingViewController.swift */; };
		423CDB4E249B368100566398 /* WebTagListViewController.swift in Sources */ = {isa = PBXBuildFile; fileRef = 423CDB4D249B368100566398 /* WebTagListViewController.swift */; };
		423CDB53249B958800566398 /* WebTagListPresenter.swift in Sources */ = {isa = PBXBuildFile; fileRef = 423CDB52249B958800566398 /* WebTagListPresenter.swift */; };
		423CDB55249B960D00566398 /* WebTagItem.swift in Sources */ = {isa = PBXBuildFile; fileRef = 423CDB54249B960D00566398 /* WebTagItem.swift */; };
		423CDB7B249BA67B00566398 /* UIColorHex.swift in Sources */ = {isa = PBXBuildFile; fileRef = 423CDB7A249BA67B00566398 /* UIColorHex.swift */; };
		423CDB7D249C542A00566398 /* SearchViewController.swift in Sources */ = {isa = PBXBuildFile; fileRef = 423CDB7C249C542A00566398 /* SearchViewController.swift */; };
		423CDB7F249C545800566398 /* SearchPresenter.swift in Sources */ = {isa = PBXBuildFile; fileRef = 423CDB7E249C545800566398 /* SearchPresenter.swift */; };
		423CDB81249C547400566398 /* SearchModel.swift in Sources */ = {isa = PBXBuildFile; fileRef = 423CDB80249C547400566398 /* SearchModel.swift */; };
		426F5C9B238D6D10009FEE19 /* ItemModel.swift in Sources */ = {isa = PBXBuildFile; fileRef = 426F5C9A238D6D10009FEE19 /* ItemModel.swift */; };
		426F5CB123AD8D18009FEE19 /* CustomCell.swift in Sources */ = {isa = PBXBuildFile; fileRef = 426F5CAF23AD8D18009FEE19 /* CustomCell.swift */; };
		426F5CB223AD8D18009FEE19 /* CustomCell.xib in Resources */ = {isa = PBXBuildFile; fileRef = 426F5CB023AD8D18009FEE19 /* CustomCell.xib */; };
		42837BF5241AD5560047FA59 /* heart.png in Resources */ = {isa = PBXBuildFile; fileRef = 42837BF4241AD5560047FA59 /* heart.png */; };
		42837BF7241AD56A0047FA59 /* Main.storyboard in Resources */ = {isa = PBXBuildFile; fileRef = 42837BF6241AD56A0047FA59 /* Main.storyboard */; };
		42A351F223E0868A003941A9 /* MainViewController.swift in Sources */ = {isa = PBXBuildFile; fileRef = 42A351F123E0868A003941A9 /* MainViewController.swift */; };
		42A351F623E2040F003941A9 /* SettingTableViewController.swift in Sources */ = {isa = PBXBuildFile; fileRef = 42A351F523E2040F003941A9 /* SettingTableViewController.swift */; };
		42A351F823E20AFD003941A9 /* CreatUsersViewController.swift in Sources */ = {isa = PBXBuildFile; fileRef = 42A351F723E20AFD003941A9 /* CreatUsersViewController.swift */; };
		42A5ECA623FB242A00D0556E /* ButtonTwitterNormal.png in Resources */ = {isa = PBXBuildFile; fileRef = 42A5ECA523FB242A00D0556E /* ButtonTwitterNormal.png */; };
		42A5ECD82417667900D0556E /* Assets.xcassets in Resources */ = {isa = PBXBuildFile; fileRef = 06CF189E23F69FB1003DA8A4 /* Assets.xcassets */; };
		42A5ECFF24176BD600D0556E /* WebKit.framework in Frameworks */ = {isa = PBXBuildFile; fileRef = 42E4A5E6232C6206009C2B00 /* WebKit.framework */; };
		42AC76172456085D00D5F95A /* ListPresenter.swift in Sources */ = {isa = PBXBuildFile; fileRef = 42AC76162456085C00D5F95A /* ListPresenter.swift */; };
		42AC76412457FE6C00D5F95A /* FavoListPresenter.swift in Sources */ = {isa = PBXBuildFile; fileRef = 42AC76402457FE6C00D5F95A /* FavoListPresenter.swift */; };
		42AC76AC2461545A00D5F95A /* Presentation.h in Headers */ = {isa = PBXBuildFile; fileRef = 42AC76AA2461545A00D5F95A /* Presentation.h */; settings = {ATTRIBUTES = (Public, ); }; };
		42AC76DA2461549600D5F95A /* DataStore.h in Headers */ = {isa = PBXBuildFile; fileRef = 42AC76D82461549600D5F95A /* DataStore.h */; settings = {ATTRIBUTES = (Public, ); }; };
		42AC76FA2461587A00D5F95A /* Domain.framework in Frameworks */ = {isa = PBXBuildFile; fileRef = 42AC76E7246154C000D5F95A /* Domain.framework */; };
		42CD13F423EF833F000AE29F /* ProfileTableViewController.swift in Sources */ = {isa = PBXBuildFile; fileRef = 42CD13F323EF833F000AE29F /* ProfileTableViewController.swift */; };
		42CD13F623F0F3BF000AE29F /* SignOutModalViewController.swift in Sources */ = {isa = PBXBuildFile; fileRef = 42CD13F523F0F3BF000AE29F /* SignOutModalViewController.swift */; };
		42CF317623CB1E0A00F856B2 /* Favorite.swift in Sources */ = {isa = PBXBuildFile; fileRef = 42CF317523CB1E0A00F856B2 /* Favorite.swift */; };
		42DB821F24842DC600C5582F /* GoogleService-Info.plist in Resources */ = {isa = PBXBuildFile; fileRef = 42DB821E24842DC600C5582F /* GoogleService-Info.plist */; };
		42DB822024842DC600C5582F /* GoogleService-Info.plist in Resources */ = {isa = PBXBuildFile; fileRef = 42DB821E24842DC600C5582F /* GoogleService-Info.plist */; };
		42DB822124842DC600C5582F /* GoogleService-Info.plist in Resources */ = {isa = PBXBuildFile; fileRef = 42DB821E24842DC600C5582F /* GoogleService-Info.plist */; };
		42DB822224842DC600C5582F /* GoogleService-Info.plist in Resources */ = {isa = PBXBuildFile; fileRef = 42DB821E24842DC600C5582F /* GoogleService-Info.plist */; };
		42DB82B22495603F00C5582F /* Twitter.png in Resources */ = {isa = PBXBuildFile; fileRef = 42DB82942495603D00C5582F /* Twitter.png */; };
		42DB82B32495603F00C5582F /* Twitter.png in Resources */ = {isa = PBXBuildFile; fileRef = 42DB82942495603D00C5582F /* Twitter.png */; };
		42DB82B42495603F00C5582F /* Twitter.png in Resources */ = {isa = PBXBuildFile; fileRef = 42DB82942495603D00C5582F /* Twitter.png */; };
		42DB82B52495603F00C5582F /* Twitter.png in Resources */ = {isa = PBXBuildFile; fileRef = 42DB82942495603D00C5582F /* Twitter.png */; };
		42E4A5D0232C5B58009C2B00 /* AppDelegate.swift in Sources */ = {isa = PBXBuildFile; fileRef = 42E4A5CF232C5B58009C2B00 /* AppDelegate.swift */; };
		42E4A5E9232C6246009C2B00 /* DetailViewController.swift in Sources */ = {isa = PBXBuildFile; fileRef = 42E4A5E8232C6246009C2B00 /* DetailViewController.swift */; };
		A5F32F6E4188B24FD1B764B4 /* Pods_TechBlog.framework in Frameworks */ = {isa = PBXBuildFile; fileRef = F3EC05930DCDEC4694F75F30 /* Pods_TechBlog.framework */; };
/* End PBXBuildFile section */

/* Begin PBXContainerItemProxy section */
		06CF18BE23F791F0003DA8A4 /* PBXContainerItemProxy */ = {
			isa = PBXContainerItemProxy;
			containerPortal = 42CD141723F60556000AE29F /* Pods.xcodeproj */;
			proxyType = 2;
			remoteGlobalIDString = BF96B57ADE05E8909F823BDF6868B3E3;
			remoteInfo = abseil;
		};
		06CF18C023F791F0003DA8A4 /* PBXContainerItemProxy */ = {
			isa = PBXContainerItemProxy;
			containerPortal = 42CD141723F60556000AE29F /* Pods.xcodeproj */;
			proxyType = 2;
			remoteGlobalIDString = 514D7742C6CBB0BDBD9984AEE97DDFDE;
			remoteInfo = "BoringSSL-GRPC";
		};
		06CF18C223F791F0003DA8A4 /* PBXContainerItemProxy */ = {
			isa = PBXContainerItemProxy;
			containerPortal = 42CD141723F60556000AE29F /* Pods.xcodeproj */;
			proxyType = 2;
			remoteGlobalIDString = 34C2E3D7D565438AF9167E96DCC35489;
			remoteInfo = FaveButton;
		};
		06CF18C423F791F0003DA8A4 /* PBXContainerItemProxy */ = {
			isa = PBXContainerItemProxy;
			containerPortal = 42CD141723F60556000AE29F /* Pods.xcodeproj */;
			proxyType = 2;
			remoteGlobalIDString = 43B1E4CD7B30B9FD278100133C2AC788;
			remoteInfo = FirebaseAuth;
		};
		06CF18C623F791F0003DA8A4 /* PBXContainerItemProxy */ = {
			isa = PBXContainerItemProxy;
			containerPortal = 42CD141723F60556000AE29F /* Pods.xcodeproj */;
			proxyType = 2;
			remoteGlobalIDString = 92000153CD73F7FC2DBAB4AB708269F3;
			remoteInfo = FirebaseFirestore;
		};
		06CF18C823F791F0003DA8A4 /* PBXContainerItemProxy */ = {
			isa = PBXContainerItemProxy;
			containerPortal = 42CD141723F60556000AE29F /* Pods.xcodeproj */;
			proxyType = 2;
			remoteGlobalIDString = 13C8C8B254851998F9289F71229B28A2;
			remoteInfo = FirebaseInstallations;
		};
		06CF18CC23F791F0003DA8A4 /* PBXContainerItemProxy */ = {
			isa = PBXContainerItemProxy;
			containerPortal = 42CD141723F60556000AE29F /* Pods.xcodeproj */;
			proxyType = 2;
			remoteGlobalIDString = 1911113E0FBF13CFF9132E5FF7685228;
			remoteInfo = "gRPC-C++";
		};
		06CF18CE23F791F0003DA8A4 /* PBXContainerItemProxy */ = {
			isa = PBXContainerItemProxy;
			containerPortal = 42CD141723F60556000AE29F /* Pods.xcodeproj */;
			proxyType = 2;
			remoteGlobalIDString = 9C7C87B5D0A6752AFA2642F1BCA967A3;
			remoteInfo = "gRPC-C++-gRPCCertificates-Cpp";
		};
		06CF18D023F791F0003DA8A4 /* PBXContainerItemProxy */ = {
			isa = PBXContainerItemProxy;
			containerPortal = 42CD141723F60556000AE29F /* Pods.xcodeproj */;
			proxyType = 2;
			remoteGlobalIDString = B471867C535B02FA55D87E260F6480F8;
			remoteInfo = "gRPC-Core";
		};
		06CF18D223F791F0003DA8A4 /* PBXContainerItemProxy */ = {
			isa = PBXContainerItemProxy;
			containerPortal = 42CD141723F60556000AE29F /* Pods.xcodeproj */;
			proxyType = 2;
			remoteGlobalIDString = C1998E0D8085221AD87F89B614C10E52;
			remoteInfo = GTMSessionFetcher;
		};
		06CF18D423F791F0003DA8A4 /* PBXContainerItemProxy */ = {
			isa = PBXContainerItemProxy;
			containerPortal = 42CD141723F60556000AE29F /* Pods.xcodeproj */;
			proxyType = 2;
			remoteGlobalIDString = 0A9F46A999C47653013D3AD854352507;
			remoteInfo = "leveldb-library";
		};
		06CF18D623F791F0003DA8A4 /* PBXContainerItemProxy */ = {
			isa = PBXContainerItemProxy;
			containerPortal = 42CD141723F60556000AE29F /* Pods.xcodeproj */;
			proxyType = 2;
			remoteGlobalIDString = 3347A1AB6546F0A3977529B8F199DC41;
			remoteInfo = PromisesObjC;
		};
		423CDAF7249B276D00566398 /* PBXContainerItemProxy */ = {
			isa = PBXContainerItemProxy;
			containerPortal = 42CD141723F60556000AE29F /* Pods.xcodeproj */;
			proxyType = 2;
			remoteGlobalIDString = BDD18ACB625B597CC06D7006C44D7FE5;
			remoteInfo = Parchment;
		};
		42837C00241ADE970047FA59 /* PBXContainerItemProxy */ = {
			isa = PBXContainerItemProxy;
			containerPortal = 42837BF8241ADE970047FA59 /* Swifter.xcodeproj */;
			proxyType = 2;
			remoteGlobalIDString = 8B9F50EE1944A5AB00894629;
			remoteInfo = SwifteriOS;
		};
		42837C02241ADE970047FA59 /* PBXContainerItemProxy */ = {
			isa = PBXContainerItemProxy;
			containerPortal = 42837BF8241ADE970047FA59 /* Swifter.xcodeproj */;
			proxyType = 2;
			remoteGlobalIDString = 8B9F51131944A61D00894629;
			remoteInfo = SwifterMac;
		};
		42837C04241ADE970047FA59 /* PBXContainerItemProxy */ = {
			isa = PBXContainerItemProxy;
			containerPortal = 42837BF8241ADE970047FA59 /* Swifter.xcodeproj */;
			proxyType = 2;
			remoteGlobalIDString = 8B300C1F1944AA1A00993175;
			remoteInfo = SwifterDemoiOS;
		};
		42837C06241ADE970047FA59 /* PBXContainerItemProxy */ = {
			isa = PBXContainerItemProxy;
			containerPortal = 42837BF8241ADE970047FA59 /* Swifter.xcodeproj */;
			proxyType = 2;
			remoteGlobalIDString = 8B300C471944AECB00993175;
			remoteInfo = SwifterDemoMac;
		};
		42837C08241ADE970047FA59 /* PBXContainerItemProxy */ = {
			isa = PBXContainerItemProxy;
			containerPortal = 42837BF8241ADE970047FA59 /* Swifter.xcodeproj */;
			proxyType = 2;
			remoteGlobalIDString = F6B4D5751C7BAC4500E06514;
			remoteInfo = SwifterTests;
		};
		42AC76AD2461545A00D5F95A /* PBXContainerItemProxy */ = {
			isa = PBXContainerItemProxy;
			containerPortal = 42E4A5C4232C5B58009C2B00 /* Project object */;
			proxyType = 1;
			remoteGlobalIDString = 42AC76A72461545A00D5F95A;
			remoteInfo = Presentation;
		};
		42AC76EC246154C000D5F95A /* PBXContainerItemProxy */ = {
			isa = PBXContainerItemProxy;
			containerPortal = 42E4A5C4232C5B58009C2B00 /* Project object */;
			proxyType = 1;
			remoteGlobalIDString = 42AC76E6246154C000D5F95A;
			remoteInfo = Domain;
		};
		42AC76FC2461587A00D5F95A /* PBXContainerItemProxy */ = {
			isa = PBXContainerItemProxy;
			containerPortal = 42E4A5C4232C5B58009C2B00 /* Project object */;
			proxyType = 1;
			remoteGlobalIDString = 42AC76E6246154C000D5F95A;
			remoteInfo = Domain;
		};
		42CD143D23F60556000AE29F /* PBXContainerItemProxy */ = {
			isa = PBXContainerItemProxy;
			containerPortal = 42CD141723F60556000AE29F /* Pods.xcodeproj */;
			proxyType = 2;
			remoteGlobalIDString = E2B63D462DB7F827C4B11FD51E4F8E2D;
			remoteInfo = FirebaseCore;
		};
		42CD143F23F60556000AE29F /* PBXContainerItemProxy */ = {
			isa = PBXContainerItemProxy;
			containerPortal = 42CD141723F60556000AE29F /* Pods.xcodeproj */;
			proxyType = 2;
			remoteGlobalIDString = 8CC9178C366942FD6FF6A115604EAD58;
			remoteInfo = FirebaseCoreDiagnostics;
		};
		42CD144723F60556000AE29F /* PBXContainerItemProxy */ = {
			isa = PBXContainerItemProxy;
			containerPortal = 42CD141723F60556000AE29F /* Pods.xcodeproj */;
			proxyType = 2;
			remoteGlobalIDString = 856B5CD56F194FAD26EA91620B66D614;
			remoteInfo = GoogleDataTransport;
		};
		42CD144923F60556000AE29F /* PBXContainerItemProxy */ = {
			isa = PBXContainerItemProxy;
			containerPortal = 42CD141723F60556000AE29F /* Pods.xcodeproj */;
			proxyType = 2;
			remoteGlobalIDString = 6942351307BC1F54575D9853307EAE0E;
			remoteInfo = GoogleDataTransportCCTSupport;
		};
		42CD144B23F60556000AE29F /* PBXContainerItemProxy */ = {
			isa = PBXContainerItemProxy;
			containerPortal = 42CD141723F60556000AE29F /* Pods.xcodeproj */;
			proxyType = 2;
			remoteGlobalIDString = B43874C6CBB50E7134FBEC24BABFE14F;
			remoteInfo = GoogleUtilities;
		};
		42CD145723F60556000AE29F /* PBXContainerItemProxy */ = {
			isa = PBXContainerItemProxy;
			containerPortal = 42CD141723F60556000AE29F /* Pods.xcodeproj */;
			proxyType = 2;
			remoteGlobalIDString = 06FC5C9CF96D60C50FCD47D339C91951;
			remoteInfo = nanopb;
		};
		42CD145923F60556000AE29F /* PBXContainerItemProxy */ = {
			isa = PBXContainerItemProxy;
			containerPortal = 42CD141723F60556000AE29F /* Pods.xcodeproj */;
			proxyType = 2;
			remoteGlobalIDString = 5EF2BF874504B5CAF14059E0883EADB5;
			remoteInfo = "Pods-TechBlog";
		};
/* End PBXContainerItemProxy section */

/* Begin PBXCopyFilesBuildPhase section */
		42158AEA24706A880016020A /* Embed Frameworks */ = {
			isa = PBXCopyFilesBuildPhase;
			buildActionMask = 2147483647;
			dstPath = "";
			dstSubfolderSpec = 10;
			files = (
			);
			name = "Embed Frameworks";
			runOnlyForDeploymentPostprocessing = 0;
		};
		42607599246FA32E00837856 /* Embed Frameworks */ = {
			isa = PBXCopyFilesBuildPhase;
			buildActionMask = 2147483647;
			dstPath = "";
			dstSubfolderSpec = 10;
			files = (
				42158AED247070C70016020A /* SwifteriOS.framework in Embed Frameworks */,
				42158AE5247069230016020A /* Domain.framework in Embed Frameworks */,
				42158AE7247069ED0016020A /* Presentation.framework in Embed Frameworks */,
			);
			name = "Embed Frameworks";
			runOnlyForDeploymentPostprocessing = 0;
		};
		42AC76F92461587400D5F95A /* Embed Frameworks */ = {
			isa = PBXCopyFilesBuildPhase;
			buildActionMask = 2147483647;
			dstPath = "";
			dstSubfolderSpec = 10;
			files = (
			);
			name = "Embed Frameworks";
			runOnlyForDeploymentPostprocessing = 0;
		};
/* End PBXCopyFilesBuildPhase section */

/* Begin PBXFileReference section */
		06CF189E23F69FB1003DA8A4 /* Assets.xcassets */ = {isa = PBXFileReference; lastKnownFileType = folder.assetcatalog; path = Assets.xcassets; sourceTree = SOURCE_ROOT; };
		06CF18D923F79272003DA8A4 /* Default-568h@2x.png */ = {isa = PBXFileReference; lastKnownFileType = image.png; path = "Default-568h@2x.png"; sourceTree = "<group>"; };
		422A77EA23BDFD3D005F9DD3 /* FavoListViewController.swift */ = {isa = PBXFileReference; lastKnownFileType = sourcecode.swift; path = FavoListViewController.swift; sourceTree = "<group>"; };
		422B8FC6246AF36500F8E670 /* Launch Screen.storyboard */ = {isa = PBXFileReference; lastKnownFileType = file.storyboard; path = "Launch Screen.storyboard"; sourceTree = "<group>"; };
		422B8FC8246AF3AD00F8E670 /* 104478-512.png */ = {isa = PBXFileReference; lastKnownFileType = image.png; path = "104478-512.png"; sourceTree = "<group>"; };
		42317B382445A96900BDD214 /* ListViewController.swift */ = {isa = PBXFileReference; lastKnownFileType = sourcecode.swift; path = ListViewController.swift; sourceTree = "<group>"; };
		423595EF2499170B00DE8289 /* SystemConfiguration.framework */ = {isa = PBXFileReference; lastKnownFileType = wrapper.framework; name = SystemConfiguration.framework; path = System/Library/Frameworks/SystemConfiguration.framework; sourceTree = SDKROOT; };
		423CDB48249B357600566398 /* MainPagingViewController.swift */ = {isa = PBXFileReference; lastKnownFileType = sourcecode.swift; path = MainPagingViewController.swift; sourceTree = "<group>"; };
		423CDB4D249B368100566398 /* WebTagListViewController.swift */ = {isa = PBXFileReference; lastKnownFileType = sourcecode.swift; path = WebTagListViewController.swift; sourceTree = "<group>"; };
		423CDB52249B958800566398 /* WebTagListPresenter.swift */ = {isa = PBXFileReference; lastKnownFileType = sourcecode.swift; path = WebTagListPresenter.swift; sourceTree = "<group>"; };
		423CDB54249B960D00566398 /* WebTagItem.swift */ = {isa = PBXFileReference; lastKnownFileType = sourcecode.swift; path = WebTagItem.swift; sourceTree = "<group>"; };
		423CDB7A249BA67B00566398 /* UIColorHex.swift */ = {isa = PBXFileReference; lastKnownFileType = sourcecode.swift; path = UIColorHex.swift; sourceTree = "<group>"; };
		423CDB7C249C542A00566398 /* SearchViewController.swift */ = {isa = PBXFileReference; lastKnownFileType = sourcecode.swift; path = SearchViewController.swift; sourceTree = "<group>"; };
		423CDB7E249C545800566398 /* SearchPresenter.swift */ = {isa = PBXFileReference; lastKnownFileType = sourcecode.swift; path = SearchPresenter.swift; sourceTree = "<group>"; };
		423CDB80249C547400566398 /* SearchModel.swift */ = {isa = PBXFileReference; lastKnownFileType = sourcecode.swift; path = SearchModel.swift; sourceTree = "<group>"; };
		42607594246F081400837856 /* EngineerBlogRelease.entitlements */ = {isa = PBXFileReference; lastKnownFileType = text.plist.entitlements; path = EngineerBlogRelease.entitlements; sourceTree = "<group>"; };
		42607595246F088400837856 /* EngineerBlog.entitlements */ = {isa = PBXFileReference; lastKnownFileType = text.plist.entitlements; path = EngineerBlog.entitlements; sourceTree = "<group>"; };
		426F5C9A238D6D10009FEE19 /* ItemModel.swift */ = {isa = PBXFileReference; lastKnownFileType = sourcecode.swift; path = ItemModel.swift; sourceTree = "<group>"; };
		426F5CAF23AD8D18009FEE19 /* CustomCell.swift */ = {isa = PBXFileReference; lastKnownFileType = sourcecode.swift; path = CustomCell.swift; sourceTree = "<group>"; };
		426F5CB023AD8D18009FEE19 /* CustomCell.xib */ = {isa = PBXFileReference; lastKnownFileType = file.xib; path = CustomCell.xib; sourceTree = "<group>"; };
		427873F423F9DD970021D029 /* Config.xcconfig */ = {isa = PBXFileReference; lastKnownFileType = text.xcconfig; path = Config.xcconfig; sourceTree = "<group>"; };
		42837BF4241AD5560047FA59 /* heart.png */ = {isa = PBXFileReference; lastKnownFileType = image.png; path = heart.png; sourceTree = "<group>"; };
		42837BF6241AD56A0047FA59 /* Main.storyboard */ = {isa = PBXFileReference; fileEncoding = 4; lastKnownFileType = file.storyboard; path = Main.storyboard; sourceTree = "<group>"; };
		42837BF8241ADE970047FA59 /* Swifter.xcodeproj */ = {isa = PBXFileReference; lastKnownFileType = "wrapper.pb-project"; name = Swifter.xcodeproj; path = "../../../Downloads/Swifter-master/Swifter.xcodeproj"; sourceTree = "<group>"; };
		42837C0E241AE26C0047FA59 /* EngineerBlog-Bridging-Header.h */ = {isa = PBXFileReference; lastKnownFileType = sourcecode.c.h; path = "EngineerBlog-Bridging-Header.h"; sourceTree = "<group>"; };
		42A351F123E0868A003941A9 /* MainViewController.swift */ = {isa = PBXFileReference; lastKnownFileType = sourcecode.swift; path = MainViewController.swift; sourceTree = "<group>"; };
		42A351F523E2040F003941A9 /* SettingTableViewController.swift */ = {isa = PBXFileReference; lastKnownFileType = sourcecode.swift; path = SettingTableViewController.swift; sourceTree = "<group>"; };
		42A351F723E20AFD003941A9 /* CreatUsersViewController.swift */ = {isa = PBXFileReference; lastKnownFileType = sourcecode.swift; path = CreatUsersViewController.swift; sourceTree = "<group>"; };
		42A5ECA523FB242A00D0556E /* ButtonTwitterNormal.png */ = {isa = PBXFileReference; lastKnownFileType = image.png; path = ButtonTwitterNormal.png; sourceTree = "<group>"; };
		42AC76162456085C00D5F95A /* ListPresenter.swift */ = {isa = PBXFileReference; lastKnownFileType = sourcecode.swift; path = ListPresenter.swift; sourceTree = "<group>"; };
		42AC76402457FE6C00D5F95A /* FavoListPresenter.swift */ = {isa = PBXFileReference; lastKnownFileType = sourcecode.swift; path = FavoListPresenter.swift; sourceTree = "<group>"; };
		42AC76A82461545A00D5F95A /* Presentation.framework */ = {isa = PBXFileReference; explicitFileType = wrapper.framework; includeInIndex = 0; path = Presentation.framework; sourceTree = BUILT_PRODUCTS_DIR; };
		42AC76AA2461545A00D5F95A /* Presentation.h */ = {isa = PBXFileReference; lastKnownFileType = sourcecode.c.h; path = Presentation.h; sourceTree = "<group>"; };
		42AC76AB2461545A00D5F95A /* Info.plist */ = {isa = PBXFileReference; lastKnownFileType = text.plist.xml; path = Info.plist; sourceTree = "<group>"; };
		42AC76D62461549600D5F95A /* DataStore.framework */ = {isa = PBXFileReference; explicitFileType = wrapper.framework; includeInIndex = 0; path = DataStore.framework; sourceTree = BUILT_PRODUCTS_DIR; };
		42AC76D82461549600D5F95A /* DataStore.h */ = {isa = PBXFileReference; lastKnownFileType = sourcecode.c.h; path = DataStore.h; sourceTree = "<group>"; };
		42AC76D92461549600D5F95A /* Info.plist */ = {isa = PBXFileReference; lastKnownFileType = text.plist.xml; path = Info.plist; sourceTree = "<group>"; };
		42AC76E7246154C000D5F95A /* Domain.framework */ = {isa = PBXFileReference; explicitFileType = wrapper.framework; includeInIndex = 0; path = Domain.framework; sourceTree = BUILT_PRODUCTS_DIR; };
		42AC76E9246154C000D5F95A /* Domain.h */ = {isa = PBXFileReference; lastKnownFileType = sourcecode.c.h; path = Domain.h; sourceTree = "<group>"; };
		42AC76EA246154C000D5F95A /* Info.plist */ = {isa = PBXFileReference; lastKnownFileType = text.plist.xml; path = Info.plist; sourceTree = "<group>"; };
		42CD13F323EF833F000AE29F /* ProfileTableViewController.swift */ = {isa = PBXFileReference; lastKnownFileType = sourcecode.swift; path = ProfileTableViewController.swift; sourceTree = "<group>"; };
		42CD13F523F0F3BF000AE29F /* SignOutModalViewController.swift */ = {isa = PBXFileReference; lastKnownFileType = sourcecode.swift; path = SignOutModalViewController.swift; sourceTree = "<group>"; };
		42CD141723F60556000AE29F /* Pods.xcodeproj */ = {isa = PBXFileReference; lastKnownFileType = "wrapper.pb-project"; name = Pods.xcodeproj; path = Pods/Pods.xcodeproj; sourceTree = "<group>"; };
		42CF317523CB1E0A00F856B2 /* Favorite.swift */ = {isa = PBXFileReference; lastKnownFileType = sourcecode.swift; path = Favorite.swift; sourceTree = "<group>"; };
		42DB821E24842DC600C5582F /* GoogleService-Info.plist */ = {isa = PBXFileReference; fileEncoding = 4; lastKnownFileType = text.plist.xml; path = "GoogleService-Info.plist"; sourceTree = "<group>"; };
		42DB82942495603D00C5582F /* Twitter.png */ = {isa = PBXFileReference; lastKnownFileType = image.png; path = Twitter.png; sourceTree = "<group>"; };
		42E4A5CC232C5B58009C2B00 /* EngineerBlog.app */ = {isa = PBXFileReference; explicitFileType = wrapper.application; includeInIndex = 0; path = EngineerBlog.app; sourceTree = BUILT_PRODUCTS_DIR; };
		42E4A5CF232C5B58009C2B00 /* AppDelegate.swift */ = {isa = PBXFileReference; lastKnownFileType = sourcecode.swift; path = AppDelegate.swift; sourceTree = "<group>"; };
		42E4A5DB232C5B5D009C2B00 /* Info.plist */ = {isa = PBXFileReference; lastKnownFileType = text.plist.xml; path = Info.plist; sourceTree = "<group>"; };
		42E4A5E6232C6206009C2B00 /* WebKit.framework */ = {isa = PBXFileReference; lastKnownFileType = wrapper.framework; name = WebKit.framework; path = System/Library/Frameworks/WebKit.framework; sourceTree = SDKROOT; };
		42E4A5E8232C6246009C2B00 /* DetailViewController.swift */ = {isa = PBXFileReference; lastKnownFileType = sourcecode.swift; path = DetailViewController.swift; sourceTree = "<group>"; };
		8205F51C62DCFA592AC5C56F /* Pods-TechBlog.debug.xcconfig */ = {isa = PBXFileReference; includeInIndex = 1; lastKnownFileType = text.xcconfig; name = "Pods-TechBlog.debug.xcconfig"; path = "Target Support Files/Pods-TechBlog/Pods-TechBlog.debug.xcconfig"; sourceTree = "<group>"; };
		B6F9ACA8A6E90A0A1A738A90 /* Pods-TechBlog.release.xcconfig */ = {isa = PBXFileReference; includeInIndex = 1; lastKnownFileType = text.xcconfig; name = "Pods-TechBlog.release.xcconfig"; path = "Target Support Files/Pods-TechBlog/Pods-TechBlog.release.xcconfig"; sourceTree = "<group>"; };
		F3EC05930DCDEC4694F75F30 /* Pods_TechBlog.framework */ = {isa = PBXFileReference; explicitFileType = wrapper.framework; includeInIndex = 0; path = Pods_TechBlog.framework; sourceTree = BUILT_PRODUCTS_DIR; };
/* End PBXFileReference section */

/* Begin PBXFrameworksBuildPhase section */
		42AC76A52461545A00D5F95A /* Frameworks */ = {
			isa = PBXFrameworksBuildPhase;
			buildActionMask = 2147483647;
			files = (
				42AC76FA2461587A00D5F95A /* Domain.framework in Frameworks */,
			);
			runOnlyForDeploymentPostprocessing = 0;
		};
		42AC76D32461549600D5F95A /* Frameworks */ = {
			isa = PBXFrameworksBuildPhase;
			buildActionMask = 2147483647;
			files = (
			);
			runOnlyForDeploymentPostprocessing = 0;
		};
		42AC76E4246154C000D5F95A /* Frameworks */ = {
			isa = PBXFrameworksBuildPhase;
			buildActionMask = 2147483647;
			files = (
			);
			runOnlyForDeploymentPostprocessing = 0;
		};
		42E4A5C9232C5B58009C2B00 /* Frameworks */ = {
			isa = PBXFrameworksBuildPhase;
			buildActionMask = 2147483647;
			files = (
				4235960D2499170B00DE8289 /* SystemConfiguration.framework in Frameworks */,
				42A5ECFF24176BD600D0556E /* WebKit.framework in Frameworks */,
				A5F32F6E4188B24FD1B764B4 /* Pods_TechBlog.framework in Frameworks */,
			);
			runOnlyForDeploymentPostprocessing = 0;
		};
/* End PBXFrameworksBuildPhase section */

/* Begin PBXGroup section */
		42837BF9241ADE970047FA59 /* Products */ = {
			isa = PBXGroup;
			children = (
				42837C01241ADE970047FA59 /* SwifteriOS.framework */,
				42837C03241ADE970047FA59 /* SwifterMac.framework */,
				42837C05241ADE970047FA59 /* SwifterDemoiOS.app */,
				42837C07241ADE970047FA59 /* SwifterDemoMac.app */,
				42837C09241ADE970047FA59 /* SwifterTests.xctest */,
			);
			name = Products;
			sourceTree = "<group>";
		};
		42AC76122456030400D5F95A /* Favo List */ = {
			isa = PBXGroup;
			children = (
				42AC769E245A750200D5F95A /* View */,
				42AC769F245A751800D5F95A /* Presenter */,
				42AC76A0245A752F00D5F95A /* Model */,
			);
			path = "Favo List";
			sourceTree = "<group>";
		};
		42AC76132456033A00D5F95A /* Setting */ = {
			isa = PBXGroup;
			children = (
				42CD13F323EF833F000AE29F /* ProfileTableViewController.swift */,
				42A351F523E2040F003941A9 /* SettingTableViewController.swift */,
				42A351F723E20AFD003941A9 /* CreatUsersViewController.swift */,
				42CD13F523F0F3BF000AE29F /* SignOutModalViewController.swift */,
			);
			path = Setting;
			sourceTree = "<group>";
		};
		42AC7614245605AE00D5F95A /* Detail Web */ = {
			isa = PBXGroup;
			children = (
				42E4A5E8232C6246009C2B00 /* DetailViewController.swift */,
			);
			path = "Detail Web";
			sourceTree = "<group>";
		};
		42AC763B2457FBF200D5F95A /* View */ = {
			isa = PBXGroup;
			children = (
				42317B382445A96900BDD214 /* ListViewController.swift */,
				423CDB7C249C542A00566398 /* SearchViewController.swift */,
				423CDB4D249B368100566398 /* WebTagListViewController.swift */,
				42A351F123E0868A003941A9 /* MainViewController.swift */,
				423CDB48249B357600566398 /* MainPagingViewController.swift */,
			);
			path = View;
			sourceTree = "<group>";
		};
		42AC763C2457FC0A00D5F95A /* Presenter */ = {
			isa = PBXGroup;
			children = (
				42AC76162456085C00D5F95A /* ListPresenter.swift */,
				423CDB7E249C545800566398 /* SearchPresenter.swift */,
				423CDB52249B958800566398 /* WebTagListPresenter.swift */,
			);
			path = Presenter;
			sourceTree = "<group>";
		};
		42AC763D2457FC1D00D5F95A /* Model */ = {
			isa = PBXGroup;
			children = (
				426F5C9A238D6D10009FEE19 /* ItemModel.swift */,
				423CDB80249C547400566398 /* SearchModel.swift */,
				423CDB54249B960D00566398 /* WebTagItem.swift */,
			);
			path = Model;
			sourceTree = "<group>";
		};
		42AC769E245A750200D5F95A /* View */ = {
			isa = PBXGroup;
			children = (
				422A77EA23BDFD3D005F9DD3 /* FavoListViewController.swift */,
			);
			path = View;
			sourceTree = "<group>";
		};
		42AC769F245A751800D5F95A /* Presenter */ = {
			isa = PBXGroup;
			children = (
				42AC76402457FE6C00D5F95A /* FavoListPresenter.swift */,
			);
			path = Presenter;
			sourceTree = "<group>";
		};
		42AC76A0245A752F00D5F95A /* Model */ = {
			isa = PBXGroup;
			children = (
				42CF317523CB1E0A00F856B2 /* Favorite.swift */,
			);
			path = Model;
			sourceTree = "<group>";
		};
		42AC76A92461545A00D5F95A /* Presentation */ = {
			isa = PBXGroup;
			children = (
				42AC76F3246155F700D5F95A /* Modules */,
				42AC76AA2461545A00D5F95A /* Presentation.h */,
				42AC76AB2461545A00D5F95A /* Info.plist */,
			);
			path = Presentation;
			sourceTree = "<group>";
		};
		42AC76D72461549600D5F95A /* DataStore */ = {
			isa = PBXGroup;
			children = (
				42AC76D82461549600D5F95A /* DataStore.h */,
				42AC76D92461549600D5F95A /* Info.plist */,
			);
			path = DataStore;
			sourceTree = "<group>";
		};
		42AC76E8246154C000D5F95A /* Domain */ = {
			isa = PBXGroup;
			children = (
				42AC76F4246156CC00D5F95A /* Modules */,
				42AC76EA246154C000D5F95A /* Info.plist */,
				42AC76E9246154C000D5F95A /* Domain.h */,
			);
			path = Domain;
			sourceTree = "<group>";
		};
		42AC76F3246155F700D5F95A /* Modules */ = {
			isa = PBXGroup;
			children = (
				42AC763C2457FC0A00D5F95A /* Presenter */,
				42AC763B2457FBF200D5F95A /* View */,
			);
			path = Modules;
			sourceTree = "<group>";
		};
		42AC76F4246156CC00D5F95A /* Modules */ = {
			isa = PBXGroup;
			children = (
				42AC763D2457FC1D00D5F95A /* Model */,
			);
			path = Modules;
			sourceTree = "<group>";
		};
		42CD141823F60556000AE29F /* Products */ = {
			isa = PBXGroup;
			children = (
				06CF18BF23F791F0003DA8A4 /* absl.framework */,
				06CF18C123F791F0003DA8A4 /* openssl_grpc.framework */,
				06CF18C323F791F0003DA8A4 /* FaveButton.framework */,
				06CF18C523F791F0003DA8A4 /* FirebaseAuth.framework */,
				42CD143E23F60556000AE29F /* FirebaseCore.framework */,
				42CD144023F60556000AE29F /* FirebaseCoreDiagnostics.framework */,
				06CF18C723F791F0003DA8A4 /* FirebaseFirestore.framework */,
				06CF18C923F791F0003DA8A4 /* FirebaseInstallations.framework */,
				42CD144823F60556000AE29F /* GoogleDataTransport.framework */,
				42CD144A23F60556000AE29F /* GoogleDataTransportCCTSupport.framework */,
				42CD144C23F60556000AE29F /* GoogleUtilities.framework */,
				06CF18CD23F791F0003DA8A4 /* grpcpp.framework */,
				06CF18CF23F791F0003DA8A4 /* gRPCCertificates-Cpp.bundle */,
				06CF18D123F791F0003DA8A4 /* grpc.framework */,
				06CF18D323F791F0003DA8A4 /* GTMSessionFetcher.framework */,
				06CF18D523F791F0003DA8A4 /* leveldb.framework */,
				42CD145823F60556000AE29F /* nanopb.framework */,
				423CDAF8249B276D00566398 /* Parchment.framework */,
				42CD145A23F60556000AE29F /* Pods_TechBlog.framework */,
				06CF18D723F791F0003DA8A4 /* FBLPromises.framework */,
			);
			name = Products;
			sourceTree = "<group>";
		};
		42E4A5C3232C5B58009C2B00 = {
			isa = PBXGroup;
			children = (
				42837BF8241ADE970047FA59 /* Swifter.xcodeproj */,
				42CD141723F60556000AE29F /* Pods.xcodeproj */,
				42E4A5CE232C5B58009C2B00 /* TechBlog */,
				42AC76A92461545A00D5F95A /* Presentation */,
				42AC76D72461549600D5F95A /* DataStore */,
				42AC76E8246154C000D5F95A /* Domain */,
				42E4A5CD232C5B58009C2B00 /* Products */,
				42E4A5E5232C6206009C2B00 /* Frameworks */,
				9D86CEA4412194F340475D6D /* Pods */,
			);
			sourceTree = "<group>";
		};
		42E4A5CD232C5B58009C2B00 /* Products */ = {
			isa = PBXGroup;
			children = (
				42E4A5CC232C5B58009C2B00 /* EngineerBlog.app */,
				42AC76A82461545A00D5F95A /* Presentation.framework */,
				42AC76D62461549600D5F95A /* DataStore.framework */,
				42AC76E7246154C000D5F95A /* Domain.framework */,
			);
			name = Products;
			sourceTree = "<group>";
		};
		42E4A5CE232C5B58009C2B00 /* TechBlog */ = {
			isa = PBXGroup;
			children = (
				42607595246F088400837856 /* EngineerBlog.entitlements */,
				42607594246F081400837856 /* EngineerBlogRelease.entitlements */,
				06CF189E23F69FB1003DA8A4 /* Assets.xcassets */,
				42E4A5CF232C5B58009C2B00 /* AppDelegate.swift */,
				423CDB7A249BA67B00566398 /* UIColorHex.swift */,
				42AC76122456030400D5F95A /* Favo List */,
				42AC76132456033A00D5F95A /* Setting */,
				42AC7614245605AE00D5F95A /* Detail Web */,
				426F5CAF23AD8D18009FEE19 /* CustomCell.swift */,
				426F5CB023AD8D18009FEE19 /* CustomCell.xib */,
				42837BF6241AD56A0047FA59 /* Main.storyboard */,
				422B8FC6246AF36500F8E670 /* Launch Screen.storyboard */,
				42837C0E241AE26C0047FA59 /* EngineerBlog-Bridging-Header.h */,
				42A5ECA523FB242A00D0556E /* ButtonTwitterNormal.png */,
				42837BF4241AD5560047FA59 /* heart.png */,
				42DB82942495603D00C5582F /* Twitter.png */,
				42E4A5DB232C5B5D009C2B00 /* Info.plist */,
				42DB821E24842DC600C5582F /* GoogleService-Info.plist */,
				06CF18D923F79272003DA8A4 /* Default-568h@2x.png */,
				422B8FC8246AF3AD00F8E670 /* 104478-512.png */,
				427873F423F9DD970021D029 /* Config.xcconfig */,
			);
			path = TechBlog;
			sourceTree = "<group>";
		};
		42E4A5E5232C6206009C2B00 /* Frameworks */ = {
			isa = PBXGroup;
			children = (
				423595EF2499170B00DE8289 /* SystemConfiguration.framework */,
				42E4A5E6232C6206009C2B00 /* WebKit.framework */,
				F3EC05930DCDEC4694F75F30 /* Pods_TechBlog.framework */,
			);
			name = Frameworks;
			sourceTree = "<group>";
		};
		9D86CEA4412194F340475D6D /* Pods */ = {
			isa = PBXGroup;
			children = (
				8205F51C62DCFA592AC5C56F /* Pods-TechBlog.debug.xcconfig */,
				B6F9ACA8A6E90A0A1A738A90 /* Pods-TechBlog.release.xcconfig */,
			);
			path = Pods;
			sourceTree = "<group>";
		};
/* End PBXGroup section */

/* Begin PBXHeadersBuildPhase section */
		42AC76A32461545A00D5F95A /* Headers */ = {
			isa = PBXHeadersBuildPhase;
			buildActionMask = 2147483647;
			files = (
				42AC76AC2461545A00D5F95A /* Presentation.h in Headers */,
			);
			runOnlyForDeploymentPostprocessing = 0;
		};
		42AC76D12461549600D5F95A /* Headers */ = {
			isa = PBXHeadersBuildPhase;
			buildActionMask = 2147483647;
			files = (
				42AC76DA2461549600D5F95A /* DataStore.h in Headers */,
			);
			runOnlyForDeploymentPostprocessing = 0;
		};
		42AC76E2246154C000D5F95A /* Headers */ = {
			isa = PBXHeadersBuildPhase;
			buildActionMask = 2147483647;
			files = (
			);
			runOnlyForDeploymentPostprocessing = 0;
		};
/* End PBXHeadersBuildPhase section */

/* Begin PBXNativeTarget section */
		42AC76A72461545A00D5F95A /* Presentation */ = {
			isa = PBXNativeTarget;
			buildConfigurationList = 42AC76D02461545A00D5F95A /* Build configuration list for PBXNativeTarget "Presentation" */;
			buildPhases = (
				42AC76A32461545A00D5F95A /* Headers */,
				42AC76A42461545A00D5F95A /* Sources */,
				42AC76A52461545A00D5F95A /* Frameworks */,
				42AC76A62461545A00D5F95A /* Resources */,
				42AC76F92461587400D5F95A /* Embed Frameworks */,
			);
			buildRules = (
			);
			dependencies = (
				42AC76FD2461587A00D5F95A /* PBXTargetDependency */,
			);
			name = Presentation;
			productName = Presentation;
			productReference = 42AC76A82461545A00D5F95A /* Presentation.framework */;
			productType = "com.apple.product-type.framework";
		};
		42AC76D52461549600D5F95A /* DataStore */ = {
			isa = PBXNativeTarget;
			buildConfigurationList = 42AC76DF2461549600D5F95A /* Build configuration list for PBXNativeTarget "DataStore" */;
			buildPhases = (
				42AC76D12461549600D5F95A /* Headers */,
				42AC76D22461549600D5F95A /* Sources */,
				42AC76D32461549600D5F95A /* Frameworks */,
				42AC76D42461549600D5F95A /* Resources */,
			);
			buildRules = (
			);
			dependencies = (
			);
			name = DataStore;
			productName = DataStore;
			productReference = 42AC76D62461549600D5F95A /* DataStore.framework */;
			productType = "com.apple.product-type.framework";
		};
		42AC76E6246154C000D5F95A /* Domain */ = {
			isa = PBXNativeTarget;
			buildConfigurationList = 42AC76F0246154C000D5F95A /* Build configuration list for PBXNativeTarget "Domain" */;
			buildPhases = (
				42AC76E2246154C000D5F95A /* Headers */,
				42AC76E3246154C000D5F95A /* Sources */,
				42AC76E4246154C000D5F95A /* Frameworks */,
				42AC76E5246154C000D5F95A /* Resources */,
				42158AEA24706A880016020A /* Embed Frameworks */,
			);
			buildRules = (
			);
			dependencies = (
			);
			name = Domain;
			productName = Domain;
			productReference = 42AC76E7246154C000D5F95A /* Domain.framework */;
			productType = "com.apple.product-type.framework";
		};
		42E4A5CB232C5B58009C2B00 /* TechBlog */ = {
			isa = PBXNativeTarget;
			buildConfigurationList = 42E4A5DE232C5B5D009C2B00 /* Build configuration list for PBXNativeTarget "TechBlog" */;
			buildPhases = (
				20EB713C93CA495EB9A258EB /* [CP] Check Pods Manifest.lock */,
				42E4A5C8232C5B58009C2B00 /* Sources */,
				42E4A5C9232C5B58009C2B00 /* Frameworks */,
				42E4A5CA232C5B58009C2B00 /* Resources */,
				5616E7D76AC0705A7B3C7B62 /* [CP] Embed Pods Frameworks */,
				42607599246FA32E00837856 /* Embed Frameworks */,
			);
			buildRules = (
			);
			dependencies = (
				42AC76AE2461545A00D5F95A /* PBXTargetDependency */,
				42AC76ED246154C000D5F95A /* PBXTargetDependency */,
			);
			name = TechBlog;
			productName = NewsReader2;
			productReference = 42E4A5CC232C5B58009C2B00 /* EngineerBlog.app */;
			productType = "com.apple.product-type.application";
		};
/* End PBXNativeTarget section */

/* Begin PBXProject section */
		42E4A5C4232C5B58009C2B00 /* Project object */ = {
			isa = PBXProject;
			attributes = {
				KnownAssetTags = (
					0,
					1,
					2,
					manabu,
					ryuken,
				);
				LastSwiftUpdateCheck = 1030;
				LastUpgradeCheck = 1150;
				ORGANIZATIONNAME = "岡田龍太朗";
				TargetAttributes = {
					42AC76A72461545A00D5F95A = {
						CreatedOnToolsVersion = 11.4.1;
						LastSwiftMigration = 1150;
					};
					42AC76D52461549600D5F95A = {
						CreatedOnToolsVersion = 11.4.1;
						LastSwiftMigration = 1150;
					};
					42AC76E6246154C000D5F95A = {
						CreatedOnToolsVersion = 11.4.1;
						LastSwiftMigration = 1150;
					};
					42E4A5CB232C5B58009C2B00 = {
						CreatedOnToolsVersion = 10.3;
					};
				};
			};
			buildConfigurationList = 42E4A5C7232C5B58009C2B00 /* Build configuration list for PBXProject "TechBlog" */;
			compatibilityVersion = "Xcode 9.3";
			developmentRegion = en;
			hasScannedForEncodings = 0;
			knownRegions = (
				en,
				Base,
			);
			mainGroup = 42E4A5C3232C5B58009C2B00;
			productRefGroup = 42E4A5CD232C5B58009C2B00 /* Products */;
			projectDirPath = "";
			projectReferences = (
				{
					ProductGroup = 42CD141823F60556000AE29F /* Products */;
					ProjectRef = 42CD141723F60556000AE29F /* Pods.xcodeproj */;
				},
				{
					ProductGroup = 42837BF9241ADE970047FA59 /* Products */;
					ProjectRef = 42837BF8241ADE970047FA59 /* Swifter.xcodeproj */;
				},
			);
			projectRoot = "";
			targets = (
				42E4A5CB232C5B58009C2B00 /* TechBlog */,
				42AC76A72461545A00D5F95A /* Presentation */,
				42AC76D52461549600D5F95A /* DataStore */,
				42AC76E6246154C000D5F95A /* Domain */,
			);
		};
/* End PBXProject section */

/* Begin PBXReferenceProxy section */
		06CF18BF23F791F0003DA8A4 /* absl.framework */ = {
			isa = PBXReferenceProxy;
			fileType = wrapper.framework;
			path = absl.framework;
			remoteRef = 06CF18BE23F791F0003DA8A4 /* PBXContainerItemProxy */;
			sourceTree = BUILT_PRODUCTS_DIR;
		};
		06CF18C123F791F0003DA8A4 /* openssl_grpc.framework */ = {
			isa = PBXReferenceProxy;
			fileType = wrapper.framework;
			path = openssl_grpc.framework;
			remoteRef = 06CF18C023F791F0003DA8A4 /* PBXContainerItemProxy */;
			sourceTree = BUILT_PRODUCTS_DIR;
		};
		06CF18C323F791F0003DA8A4 /* FaveButton.framework */ = {
			isa = PBXReferenceProxy;
			fileType = wrapper.framework;
			path = FaveButton.framework;
			remoteRef = 06CF18C223F791F0003DA8A4 /* PBXContainerItemProxy */;
			sourceTree = BUILT_PRODUCTS_DIR;
		};
		06CF18C523F791F0003DA8A4 /* FirebaseAuth.framework */ = {
			isa = PBXReferenceProxy;
			fileType = wrapper.framework;
			path = FirebaseAuth.framework;
			remoteRef = 06CF18C423F791F0003DA8A4 /* PBXContainerItemProxy */;
			sourceTree = BUILT_PRODUCTS_DIR;
		};
		06CF18C723F791F0003DA8A4 /* FirebaseFirestore.framework */ = {
			isa = PBXReferenceProxy;
			fileType = wrapper.framework;
			path = FirebaseFirestore.framework;
			remoteRef = 06CF18C623F791F0003DA8A4 /* PBXContainerItemProxy */;
			sourceTree = BUILT_PRODUCTS_DIR;
		};
		06CF18C923F791F0003DA8A4 /* FirebaseInstallations.framework */ = {
			isa = PBXReferenceProxy;
			fileType = wrapper.framework;
			path = FirebaseInstallations.framework;
			remoteRef = 06CF18C823F791F0003DA8A4 /* PBXContainerItemProxy */;
			sourceTree = BUILT_PRODUCTS_DIR;
		};
		06CF18CD23F791F0003DA8A4 /* grpcpp.framework */ = {
			isa = PBXReferenceProxy;
			fileType = wrapper.framework;
			path = grpcpp.framework;
			remoteRef = 06CF18CC23F791F0003DA8A4 /* PBXContainerItemProxy */;
			sourceTree = BUILT_PRODUCTS_DIR;
		};
		06CF18CF23F791F0003DA8A4 /* gRPCCertificates-Cpp.bundle */ = {
			isa = PBXReferenceProxy;
			fileType = wrapper.cfbundle;
			path = "gRPCCertificates-Cpp.bundle";
			remoteRef = 06CF18CE23F791F0003DA8A4 /* PBXContainerItemProxy */;
			sourceTree = BUILT_PRODUCTS_DIR;
		};
		06CF18D123F791F0003DA8A4 /* grpc.framework */ = {
			isa = PBXReferenceProxy;
			fileType = wrapper.framework;
			path = grpc.framework;
			remoteRef = 06CF18D023F791F0003DA8A4 /* PBXContainerItemProxy */;
			sourceTree = BUILT_PRODUCTS_DIR;
		};
		06CF18D323F791F0003DA8A4 /* GTMSessionFetcher.framework */ = {
			isa = PBXReferenceProxy;
			fileType = wrapper.framework;
			path = GTMSessionFetcher.framework;
			remoteRef = 06CF18D223F791F0003DA8A4 /* PBXContainerItemProxy */;
			sourceTree = BUILT_PRODUCTS_DIR;
		};
		06CF18D523F791F0003DA8A4 /* leveldb.framework */ = {
			isa = PBXReferenceProxy;
			fileType = wrapper.framework;
			path = leveldb.framework;
			remoteRef = 06CF18D423F791F0003DA8A4 /* PBXContainerItemProxy */;
			sourceTree = BUILT_PRODUCTS_DIR;
		};
		06CF18D723F791F0003DA8A4 /* FBLPromises.framework */ = {
			isa = PBXReferenceProxy;
			fileType = wrapper.framework;
			path = FBLPromises.framework;
			remoteRef = 06CF18D623F791F0003DA8A4 /* PBXContainerItemProxy */;
			sourceTree = BUILT_PRODUCTS_DIR;
		};
		423CDAF8249B276D00566398 /* Parchment.framework */ = {
			isa = PBXReferenceProxy;
			fileType = wrapper.framework;
			path = Parchment.framework;
			remoteRef = 423CDAF7249B276D00566398 /* PBXContainerItemProxy */;
			sourceTree = BUILT_PRODUCTS_DIR;
		};
		42837C01241ADE970047FA59 /* SwifteriOS.framework */ = {
			isa = PBXReferenceProxy;
			fileType = wrapper.framework;
			path = SwifteriOS.framework;
			remoteRef = 42837C00241ADE970047FA59 /* PBXContainerItemProxy */;
			sourceTree = BUILT_PRODUCTS_DIR;
		};
		42837C03241ADE970047FA59 /* SwifterMac.framework */ = {
			isa = PBXReferenceProxy;
			fileType = wrapper.framework;
			path = SwifterMac.framework;
			remoteRef = 42837C02241ADE970047FA59 /* PBXContainerItemProxy */;
			sourceTree = BUILT_PRODUCTS_DIR;
		};
		42837C05241ADE970047FA59 /* SwifterDemoiOS.app */ = {
			isa = PBXReferenceProxy;
			fileType = wrapper.application;
			path = SwifterDemoiOS.app;
			remoteRef = 42837C04241ADE970047FA59 /* PBXContainerItemProxy */;
			sourceTree = BUILT_PRODUCTS_DIR;
		};
		42837C07241ADE970047FA59 /* SwifterDemoMac.app */ = {
			isa = PBXReferenceProxy;
			fileType = wrapper.application;
			path = SwifterDemoMac.app;
			remoteRef = 42837C06241ADE970047FA59 /* PBXContainerItemProxy */;
			sourceTree = BUILT_PRODUCTS_DIR;
		};
		42837C09241ADE970047FA59 /* SwifterTests.xctest */ = {
			isa = PBXReferenceProxy;
			fileType = wrapper.cfbundle;
			path = SwifterTests.xctest;
			remoteRef = 42837C08241ADE970047FA59 /* PBXContainerItemProxy */;
			sourceTree = BUILT_PRODUCTS_DIR;
		};
		42CD143E23F60556000AE29F /* FirebaseCore.framework */ = {
			isa = PBXReferenceProxy;
			fileType = wrapper.framework;
			path = FirebaseCore.framework;
			remoteRef = 42CD143D23F60556000AE29F /* PBXContainerItemProxy */;
			sourceTree = BUILT_PRODUCTS_DIR;
		};
		42CD144023F60556000AE29F /* FirebaseCoreDiagnostics.framework */ = {
			isa = PBXReferenceProxy;
			fileType = wrapper.framework;
			path = FirebaseCoreDiagnostics.framework;
			remoteRef = 42CD143F23F60556000AE29F /* PBXContainerItemProxy */;
			sourceTree = BUILT_PRODUCTS_DIR;
		};
		42CD144823F60556000AE29F /* GoogleDataTransport.framework */ = {
			isa = PBXReferenceProxy;
			fileType = wrapper.framework;
			path = GoogleDataTransport.framework;
			remoteRef = 42CD144723F60556000AE29F /* PBXContainerItemProxy */;
			sourceTree = BUILT_PRODUCTS_DIR;
		};
		42CD144A23F60556000AE29F /* GoogleDataTransportCCTSupport.framework */ = {
			isa = PBXReferenceProxy;
			fileType = wrapper.framework;
			path = GoogleDataTransportCCTSupport.framework;
			remoteRef = 42CD144923F60556000AE29F /* PBXContainerItemProxy */;
			sourceTree = BUILT_PRODUCTS_DIR;
		};
		42CD144C23F60556000AE29F /* GoogleUtilities.framework */ = {
			isa = PBXReferenceProxy;
			fileType = wrapper.framework;
			path = GoogleUtilities.framework;
			remoteRef = 42CD144B23F60556000AE29F /* PBXContainerItemProxy */;
			sourceTree = BUILT_PRODUCTS_DIR;
		};
		42CD145823F60556000AE29F /* nanopb.framework */ = {
			isa = PBXReferenceProxy;
			fileType = wrapper.framework;
			path = nanopb.framework;
			remoteRef = 42CD145723F60556000AE29F /* PBXContainerItemProxy */;
			sourceTree = BUILT_PRODUCTS_DIR;
		};
		42CD145A23F60556000AE29F /* Pods_TechBlog.framework */ = {
			isa = PBXReferenceProxy;
			fileType = wrapper.framework;
			path = Pods_TechBlog.framework;
			remoteRef = 42CD145923F60556000AE29F /* PBXContainerItemProxy */;
			sourceTree = BUILT_PRODUCTS_DIR;
		};
/* End PBXReferenceProxy section */

/* Begin PBXResourcesBuildPhase section */
		42AC76A62461545A00D5F95A /* Resources */ = {
			isa = PBXResourcesBuildPhase;
			buildActionMask = 2147483647;
			files = (
				42DB822024842DC600C5582F /* GoogleService-Info.plist in Resources */,
				42DB82B32495603F00C5582F /* Twitter.png in Resources */,
			);
			runOnlyForDeploymentPostprocessing = 0;
		};
		42AC76D42461549600D5F95A /* Resources */ = {
			isa = PBXResourcesBuildPhase;
			buildActionMask = 2147483647;
			files = (
				42DB822124842DC600C5582F /* GoogleService-Info.plist in Resources */,
				42DB82B42495603F00C5582F /* Twitter.png in Resources */,
			);
			runOnlyForDeploymentPostprocessing = 0;
		};
		42AC76E5246154C000D5F95A /* Resources */ = {
			isa = PBXResourcesBuildPhase;
			buildActionMask = 2147483647;
			files = (
				42DB822224842DC600C5582F /* GoogleService-Info.plist in Resources */,
				42DB82B52495603F00C5582F /* Twitter.png in Resources */,
			);
			runOnlyForDeploymentPostprocessing = 0;
		};
		42E4A5CA232C5B58009C2B00 /* Resources */ = {
			isa = PBXResourcesBuildPhase;
			buildActionMask = 2147483647;
			files = (
				42A5ECD82417667900D0556E /* Assets.xcassets in Resources */,
				42837BF5241AD5560047FA59 /* heart.png in Resources */,
				42DB821F24842DC600C5582F /* GoogleService-Info.plist in Resources */,
				42DB82B22495603F00C5582F /* Twitter.png in Resources */,
				422B8FC9246AF3AD00F8E670 /* 104478-512.png in Resources */,
				422B8FC7246AF36600F8E670 /* Launch Screen.storyboard in Resources */,
				06CF18DA23F79273003DA8A4 /* Default-568h@2x.png in Resources */,
				42A5ECA623FB242A00D0556E /* ButtonTwitterNormal.png in Resources */,
				42837BF7241AD56A0047FA59 /* Main.storyboard in Resources */,
				426F5CB223AD8D18009FEE19 /* CustomCell.xib in Resources */,
			);
			runOnlyForDeploymentPostprocessing = 0;
		};
/* End PBXResourcesBuildPhase section */

/* Begin PBXShellScriptBuildPhase section */
		20EB713C93CA495EB9A258EB /* [CP] Check Pods Manifest.lock */ = {
			isa = PBXShellScriptBuildPhase;
			buildActionMask = 2147483647;
			files = (
			);
			inputFileListPaths = (
			);
			inputPaths = (
				"${PODS_PODFILE_DIR_PATH}/Podfile.lock",
				"${PODS_ROOT}/Manifest.lock",
			);
			name = "[CP] Check Pods Manifest.lock";
			outputFileListPaths = (
			);
			outputPaths = (
				"$(DERIVED_FILE_DIR)/Pods-TechBlog-checkManifestLockResult.txt",
			);
			runOnlyForDeploymentPostprocessing = 0;
			shellPath = /bin/sh;
			shellScript = "diff \"${PODS_PODFILE_DIR_PATH}/Podfile.lock\" \"${PODS_ROOT}/Manifest.lock\" > /dev/null\nif [ $? != 0 ] ; then\n    # print error to STDERR\n    echo \"error: The sandbox is not in sync with the Podfile.lock. Run 'pod install' or update your CocoaPods installation.\" >&2\n    exit 1\nfi\n# This output is used by Xcode 'outputs' to avoid re-running this script phase.\necho \"SUCCESS\" > \"${SCRIPT_OUTPUT_FILE_0}\"\n";
			showEnvVarsInLog = 0;
		};
		5616E7D76AC0705A7B3C7B62 /* [CP] Embed Pods Frameworks */ = {
			isa = PBXShellScriptBuildPhase;
			buildActionMask = 2147483647;
			files = (
			);
			inputFileListPaths = (
				"${PODS_ROOT}/Target Support Files/Pods-TechBlog/Pods-TechBlog-frameworks-${CONFIGURATION}-input-files.xcfilelist",
			);
			name = "[CP] Embed Pods Frameworks";
			outputFileListPaths = (
				"${PODS_ROOT}/Target Support Files/Pods-TechBlog/Pods-TechBlog-frameworks-${CONFIGURATION}-output-files.xcfilelist",
			);
			runOnlyForDeploymentPostprocessing = 0;
			shellPath = /bin/sh;
			shellScript = "\"${PODS_ROOT}/Target Support Files/Pods-TechBlog/Pods-TechBlog-frameworks.sh\"\n";
			showEnvVarsInLog = 0;
		};
/* End PBXShellScriptBuildPhase section */

/* Begin PBXSourcesBuildPhase section */
		42AC76A42461545A00D5F95A /* Sources */ = {
			isa = PBXSourcesBuildPhase;
			buildActionMask = 2147483647;
			files = (
			);
			runOnlyForDeploymentPostprocessing = 0;
		};
		42AC76D22461549600D5F95A /* Sources */ = {
			isa = PBXSourcesBuildPhase;
			buildActionMask = 2147483647;
			files = (
			);
			runOnlyForDeploymentPostprocessing = 0;
		};
		42AC76E3246154C000D5F95A /* Sources */ = {
			isa = PBXSourcesBuildPhase;
			buildActionMask = 2147483647;
			files = (
			);
			runOnlyForDeploymentPostprocessing = 0;
		};
		42E4A5C8232C5B58009C2B00 /* Sources */ = {
			isa = PBXSourcesBuildPhase;
			buildActionMask = 2147483647;
			files = (
				42CD13F623F0F3BF000AE29F /* SignOutModalViewController.swift in Sources */,
				42E4A5D0232C5B58009C2B00 /* AppDelegate.swift in Sources */,
				426F5C9B238D6D10009FEE19 /* ItemModel.swift in Sources */,
				426F5CB123AD8D18009FEE19 /* CustomCell.swift in Sources */,
				42AC76412457FE6C00D5F95A /* FavoListPresenter.swift in Sources */,
				423CDB49249B357600566398 /* MainPagingViewController.swift in Sources */,
				423CDB7B249BA67B00566398 /* UIColorHex.swift in Sources */,
				42A351F623E2040F003941A9 /* SettingTableViewController.swift in Sources */,
				42CF317623CB1E0A00F856B2 /* Favorite.swift in Sources */,
				422A77EB23BDFD3E005F9DD3 /* FavoListViewController.swift in Sources */,
				423CDB7D249C542A00566398 /* SearchViewController.swift in Sources */,
				42CD13F423EF833F000AE29F /* ProfileTableViewController.swift in Sources */,
				42A351F223E0868A003941A9 /* MainViewController.swift in Sources */,
				42E4A5E9232C6246009C2B00 /* DetailViewController.swift in Sources */,
				42AC76172456085D00D5F95A /* ListPresenter.swift in Sources */,
				423CDB53249B958800566398 /* WebTagListPresenter.swift in Sources */,
				423CDB55249B960D00566398 /* WebTagItem.swift in Sources */,
				423CDB81249C547400566398 /* SearchModel.swift in Sources */,
				42317B392445A96900BDD214 /* ListViewController.swift in Sources */,
				423CDB4E249B368100566398 /* WebTagListViewController.swift in Sources */,
				42A351F823E20AFD003941A9 /* CreatUsersViewController.swift in Sources */,
				423CDB7F249C545800566398 /* SearchPresenter.swift in Sources */,
			);
			runOnlyForDeploymentPostprocessing = 0;
		};
/* End PBXSourcesBuildPhase section */

/* Begin PBXTargetDependency section */
		42AC76AE2461545A00D5F95A /* PBXTargetDependency */ = {
			isa = PBXTargetDependency;
			target = 42AC76A72461545A00D5F95A /* Presentation */;
			targetProxy = 42AC76AD2461545A00D5F95A /* PBXContainerItemProxy */;
		};
		42AC76ED246154C000D5F95A /* PBXTargetDependency */ = {
			isa = PBXTargetDependency;
			target = 42AC76E6246154C000D5F95A /* Domain */;
			targetProxy = 42AC76EC246154C000D5F95A /* PBXContainerItemProxy */;
		};
		42AC76FD2461587A00D5F95A /* PBXTargetDependency */ = {
			isa = PBXTargetDependency;
			target = 42AC76E6246154C000D5F95A /* Domain */;
			targetProxy = 42AC76FC2461587A00D5F95A /* PBXContainerItemProxy */;
		};
/* End PBXTargetDependency section */

/* Begin XCBuildConfiguration section */
		42AC76B12461545A00D5F95A /* Debug */ = {
			isa = XCBuildConfiguration;
			buildSettings = {
				CLANG_ENABLE_MODULES = YES;
				CODE_SIGN_IDENTITY = "";
				"CODE_SIGN_IDENTITY[sdk=macosx*]" = "Apple Development";
				CODE_SIGN_STYLE = Automatic;
				CURRENT_PROJECT_VERSION = 1;
				DEFINES_MODULE = YES;
				DEVELOPMENT_TEAM = "";
				DYLIB_COMPATIBILITY_VERSION = 1;
				DYLIB_CURRENT_VERSION = 1;
				DYLIB_INSTALL_NAME_BASE = "@rpath";
				INFOPLIST_FILE = Presentation/Info.plist;
				INSTALL_PATH = "$(LOCAL_LIBRARY_DIR)/Frameworks";
				IPHONEOS_DEPLOYMENT_TARGET = 13.4;
				LD_RUNPATH_SEARCH_PATHS = (
					"$(inherited)",
					"@executable_path/Frameworks",
					"@loader_path/Frameworks",
				);
				PRODUCT_BUNDLE_IDENTIFIER = gmail.taroooth.Presentation;
				PRODUCT_NAME = "$(TARGET_NAME:c99extidentifier)";
				PROVISIONING_PROFILE_SPECIFIER = "";
				"PROVISIONING_PROFILE_SPECIFIER[sdk=macosx*]" = "";
				SKIP_INSTALL = YES;
				SWIFT_OPTIMIZATION_LEVEL = "-Onone";
				SWIFT_VERSION = 5.0;
				TARGETED_DEVICE_FAMILY = "1,2";
				VERSIONING_SYSTEM = "apple-generic";
				VERSION_INFO_PREFIX = "";
			};
			name = Debug;
		};
		42AC76B22461545A00D5F95A /* Release */ = {
			isa = XCBuildConfiguration;
			buildSettings = {
				CLANG_ENABLE_MODULES = YES;
				CODE_SIGN_IDENTITY = "";
				"CODE_SIGN_IDENTITY[sdk=macosx*]" = "Apple Development";
				CODE_SIGN_STYLE = Automatic;
				CURRENT_PROJECT_VERSION = 1;
				DEFINES_MODULE = YES;
				DEVELOPMENT_TEAM = AJ4LF65N26;
				DYLIB_COMPATIBILITY_VERSION = 1;
				DYLIB_CURRENT_VERSION = 1;
				DYLIB_INSTALL_NAME_BASE = "@rpath";
				INFOPLIST_FILE = Presentation/Info.plist;
				INSTALL_PATH = "$(LOCAL_LIBRARY_DIR)/Frameworks";
				IPHONEOS_DEPLOYMENT_TARGET = 13.4;
				LD_RUNPATH_SEARCH_PATHS = (
					"$(inherited)",
					"@executable_path/Frameworks",
					"@loader_path/Frameworks",
				);
				PRODUCT_BUNDLE_IDENTIFIER = gmail.taroooth.Presentation;
				PRODUCT_NAME = "$(TARGET_NAME:c99extidentifier)";
				PROVISIONING_PROFILE_SPECIFIER = "";
				"PROVISIONING_PROFILE_SPECIFIER[sdk=macosx*]" = "";
				SKIP_INSTALL = YES;
				SWIFT_VERSION = 5.0;
				TARGETED_DEVICE_FAMILY = "1,2";
				VERSIONING_SYSTEM = "apple-generic";
				VERSION_INFO_PREFIX = "";
			};
			name = Release;
		};
		42AC76E02461549600D5F95A /* Debug */ = {
			isa = XCBuildConfiguration;
			buildSettings = {
				CLANG_ENABLE_MODULES = YES;
				CODE_SIGN_IDENTITY = "";
				"CODE_SIGN_IDENTITY[sdk=macosx*]" = "Apple Development";
				CODE_SIGN_STYLE = Automatic;
				CURRENT_PROJECT_VERSION = 1;
				DEFINES_MODULE = YES;
				DEVELOPMENT_TEAM = "";
				DYLIB_COMPATIBILITY_VERSION = 1;
				DYLIB_CURRENT_VERSION = 1;
				DYLIB_INSTALL_NAME_BASE = "@rpath";
				INFOPLIST_FILE = DataStore/Info.plist;
				INSTALL_PATH = "$(LOCAL_LIBRARY_DIR)/Frameworks";
				IPHONEOS_DEPLOYMENT_TARGET = 13.4;
				LD_RUNPATH_SEARCH_PATHS = (
					"$(inherited)",
					"@executable_path/Frameworks",
					"@loader_path/Frameworks",
				);
				PRODUCT_BUNDLE_IDENTIFIER = gmail.taroooth.DataStore;
				PRODUCT_NAME = "$(TARGET_NAME:c99extidentifier)";
				PROVISIONING_PROFILE_SPECIFIER = "";
				"PROVISIONING_PROFILE_SPECIFIER[sdk=macosx*]" = "";
				SKIP_INSTALL = YES;
				SWIFT_OPTIMIZATION_LEVEL = "-Onone";
				SWIFT_VERSION = 5.0;
				TARGETED_DEVICE_FAMILY = "1,2";
				VERSIONING_SYSTEM = "apple-generic";
				VERSION_INFO_PREFIX = "";
			};
			name = Debug;
		};
		42AC76E12461549600D5F95A /* Release */ = {
			isa = XCBuildConfiguration;
			buildSettings = {
				CLANG_ENABLE_MODULES = YES;
				CODE_SIGN_IDENTITY = "";
				"CODE_SIGN_IDENTITY[sdk=macosx*]" = "Apple Development";
				CODE_SIGN_STYLE = Automatic;
				CURRENT_PROJECT_VERSION = 1;
				DEFINES_MODULE = YES;
				DEVELOPMENT_TEAM = AJ4LF65N26;
				DYLIB_COMPATIBILITY_VERSION = 1;
				DYLIB_CURRENT_VERSION = 1;
				DYLIB_INSTALL_NAME_BASE = "@rpath";
				INFOPLIST_FILE = DataStore/Info.plist;
				INSTALL_PATH = "$(LOCAL_LIBRARY_DIR)/Frameworks";
				IPHONEOS_DEPLOYMENT_TARGET = 13.4;
				LD_RUNPATH_SEARCH_PATHS = (
					"$(inherited)",
					"@executable_path/Frameworks",
					"@loader_path/Frameworks",
				);
				PRODUCT_BUNDLE_IDENTIFIER = gmail.taroooth.DataStore;
				PRODUCT_NAME = "$(TARGET_NAME:c99extidentifier)";
				PROVISIONING_PROFILE_SPECIFIER = "";
				"PROVISIONING_PROFILE_SPECIFIER[sdk=macosx*]" = "";
				SKIP_INSTALL = YES;
				SWIFT_VERSION = 5.0;
				TARGETED_DEVICE_FAMILY = "1,2";
				VERSIONING_SYSTEM = "apple-generic";
				VERSION_INFO_PREFIX = "";
			};
			name = Release;
		};
		42AC76F1246154C000D5F95A /* Debug */ = {
			isa = XCBuildConfiguration;
			buildSettings = {
				CLANG_ENABLE_MODULES = YES;
				CODE_SIGN_IDENTITY = "";
				CODE_SIGN_STYLE = Automatic;
				CURRENT_PROJECT_VERSION = 1;
				DEFINES_MODULE = YES;
				DEVELOPMENT_TEAM = "";
				DYLIB_COMPATIBILITY_VERSION = 1;
				DYLIB_CURRENT_VERSION = 1;
				DYLIB_INSTALL_NAME_BASE = "@rpath";
				INFOPLIST_FILE = Domain/Info.plist;
				INSTALL_PATH = "$(LOCAL_LIBRARY_DIR)/Frameworks";
				IPHONEOS_DEPLOYMENT_TARGET = 13.4;
				LD_RUNPATH_SEARCH_PATHS = (
					"$(inherited)",
					"@executable_path/Frameworks",
					"@loader_path/Frameworks",
				);
				PRODUCT_BUNDLE_IDENTIFIER = gmail.taroooth.Domain;
				PRODUCT_NAME = "$(TARGET_NAME:c99extidentifier)";
				PROVISIONING_PROFILE_SPECIFIER = "";
				SKIP_INSTALL = YES;
				SUPPORTS_MACCATALYST = NO;
				SWIFT_OPTIMIZATION_LEVEL = "-Onone";
				SWIFT_VERSION = 5.0;
				TARGETED_DEVICE_FAMILY = 1;
				VERSIONING_SYSTEM = "apple-generic";
				VERSION_INFO_PREFIX = "";
			};
			name = Debug;
		};
		42AC76F2246154C000D5F95A /* Release */ = {
			isa = XCBuildConfiguration;
			buildSettings = {
				CLANG_ENABLE_MODULES = YES;
				CODE_SIGN_IDENTITY = "";
				CODE_SIGN_STYLE = Automatic;
				CURRENT_PROJECT_VERSION = 1;
				DEFINES_MODULE = YES;
				DEVELOPMENT_TEAM = AJ4LF65N26;
				DYLIB_COMPATIBILITY_VERSION = 1;
				DYLIB_CURRENT_VERSION = 1;
				DYLIB_INSTALL_NAME_BASE = "@rpath";
				INFOPLIST_FILE = Domain/Info.plist;
				INSTALL_PATH = "$(LOCAL_LIBRARY_DIR)/Frameworks";
				IPHONEOS_DEPLOYMENT_TARGET = 13.4;
				LD_RUNPATH_SEARCH_PATHS = (
					"$(inherited)",
					"@executable_path/Frameworks",
					"@loader_path/Frameworks",
				);
				PRODUCT_BUNDLE_IDENTIFIER = gmail.taroooth.Domain;
				PRODUCT_NAME = "$(TARGET_NAME:c99extidentifier)";
				PROVISIONING_PROFILE_SPECIFIER = "";
				SKIP_INSTALL = YES;
				SUPPORTS_MACCATALYST = NO;
				SWIFT_VERSION = 5.0;
				TARGETED_DEVICE_FAMILY = 1;
				VERSIONING_SYSTEM = "apple-generic";
				VERSION_INFO_PREFIX = "";
			};
			name = Release;
		};
		42E4A5DC232C5B5D009C2B00 /* Debug */ = {
			isa = XCBuildConfiguration;
			buildSettings = {
				ALWAYS_SEARCH_USER_PATHS = NO;
				CLANG_ANALYZER_NONNULL = YES;
				CLANG_ANALYZER_NUMBER_OBJECT_CONVERSION = YES_AGGRESSIVE;
				CLANG_CXX_LANGUAGE_STANDARD = "gnu++14";
				CLANG_CXX_LIBRARY = "libc++";
				CLANG_ENABLE_MODULES = YES;
				CLANG_ENABLE_OBJC_ARC = YES;
				CLANG_ENABLE_OBJC_WEAK = YES;
				CLANG_WARN_BLOCK_CAPTURE_AUTORELEASING = YES;
				CLANG_WARN_BOOL_CONVERSION = YES;
				CLANG_WARN_COMMA = YES;
				CLANG_WARN_CONSTANT_CONVERSION = YES;
				CLANG_WARN_DEPRECATED_OBJC_IMPLEMENTATIONS = YES;
				CLANG_WARN_DIRECT_OBJC_ISA_USAGE = YES_ERROR;
				CLANG_WARN_DOCUMENTATION_COMMENTS = YES;
				CLANG_WARN_EMPTY_BODY = YES;
				CLANG_WARN_ENUM_CONVERSION = YES;
				CLANG_WARN_INFINITE_RECURSION = YES;
				CLANG_WARN_INT_CONVERSION = YES;
				CLANG_WARN_NON_LITERAL_NULL_CONVERSION = YES;
				CLANG_WARN_OBJC_IMPLICIT_RETAIN_SELF = YES;
				CLANG_WARN_OBJC_LITERAL_CONVERSION = YES;
				CLANG_WARN_OBJC_ROOT_CLASS = YES_ERROR;
				CLANG_WARN_RANGE_LOOP_ANALYSIS = YES;
				CLANG_WARN_STRICT_PROTOTYPES = YES;
				CLANG_WARN_SUSPICIOUS_MOVE = YES;
				CLANG_WARN_UNGUARDED_AVAILABILITY = YES_AGGRESSIVE;
				CLANG_WARN_UNREACHABLE_CODE = YES;
				CLANG_WARN__DUPLICATE_METHOD_MATCH = YES;
				CODE_SIGN_IDENTITY = "iPhone Developer";
				COPY_PHASE_STRIP = NO;
				DEBUG_INFORMATION_FORMAT = dwarf;
				ENABLE_STRICT_OBJC_MSGSEND = YES;
				ENABLE_TESTABILITY = YES;
				GCC_C_LANGUAGE_STANDARD = gnu11;
				GCC_DYNAMIC_NO_PIC = NO;
				GCC_NO_COMMON_BLOCKS = YES;
				GCC_OPTIMIZATION_LEVEL = 0;
				GCC_PREPROCESSOR_DEFINITIONS = (
					"DEBUG=1",
					"$(inherited)",
				);
				GCC_WARN_64_TO_32_BIT_CONVERSION = YES;
				GCC_WARN_ABOUT_RETURN_TYPE = YES_ERROR;
				GCC_WARN_UNDECLARED_SELECTOR = YES;
				GCC_WARN_UNINITIALIZED_AUTOS = YES_AGGRESSIVE;
				GCC_WARN_UNUSED_FUNCTION = YES;
				GCC_WARN_UNUSED_VARIABLE = YES;
				IPHONEOS_DEPLOYMENT_TARGET = 8.0;
				MTL_ENABLE_DEBUG_INFO = INCLUDE_SOURCE;
				MTL_FAST_MATH = YES;
				ONLY_ACTIVE_ARCH = YES;
				SDKROOT = iphoneos;
				SWIFT_ACTIVE_COMPILATION_CONDITIONS = DEBUG;
				SWIFT_OPTIMIZATION_LEVEL = "-Onone";
				VALID_ARCHS = "arm64 arm64e armv7 armv7s x86_64";
			};
			name = Debug;
		};
		42E4A5DD232C5B5D009C2B00 /* Release */ = {
			isa = XCBuildConfiguration;
			buildSettings = {
				ALWAYS_SEARCH_USER_PATHS = NO;
				CLANG_ANALYZER_NONNULL = YES;
				CLANG_ANALYZER_NUMBER_OBJECT_CONVERSION = YES_AGGRESSIVE;
				CLANG_CXX_LANGUAGE_STANDARD = "gnu++14";
				CLANG_CXX_LIBRARY = "libc++";
				CLANG_ENABLE_MODULES = YES;
				CLANG_ENABLE_OBJC_ARC = YES;
				CLANG_ENABLE_OBJC_WEAK = YES;
				CLANG_WARN_BLOCK_CAPTURE_AUTORELEASING = YES;
				CLANG_WARN_BOOL_CONVERSION = YES;
				CLANG_WARN_COMMA = YES;
				CLANG_WARN_CONSTANT_CONVERSION = YES;
				CLANG_WARN_DEPRECATED_OBJC_IMPLEMENTATIONS = YES;
				CLANG_WARN_DIRECT_OBJC_ISA_USAGE = YES_ERROR;
				CLANG_WARN_DOCUMENTATION_COMMENTS = YES;
				CLANG_WARN_EMPTY_BODY = YES;
				CLANG_WARN_ENUM_CONVERSION = YES;
				CLANG_WARN_INFINITE_RECURSION = YES;
				CLANG_WARN_INT_CONVERSION = YES;
				CLANG_WARN_NON_LITERAL_NULL_CONVERSION = YES;
				CLANG_WARN_OBJC_IMPLICIT_RETAIN_SELF = YES;
				CLANG_WARN_OBJC_LITERAL_CONVERSION = YES;
				CLANG_WARN_OBJC_ROOT_CLASS = YES_ERROR;
				CLANG_WARN_RANGE_LOOP_ANALYSIS = YES;
				CLANG_WARN_STRICT_PROTOTYPES = YES;
				CLANG_WARN_SUSPICIOUS_MOVE = YES;
				CLANG_WARN_UNGUARDED_AVAILABILITY = YES_AGGRESSIVE;
				CLANG_WARN_UNREACHABLE_CODE = YES;
				CLANG_WARN__DUPLICATE_METHOD_MATCH = YES;
				CODE_SIGN_IDENTITY = "iPhone Developer";
				COPY_PHASE_STRIP = NO;
				DEBUG_INFORMATION_FORMAT = "dwarf-with-dsym";
				ENABLE_NS_ASSERTIONS = NO;
				ENABLE_STRICT_OBJC_MSGSEND = YES;
				GCC_C_LANGUAGE_STANDARD = gnu11;
				GCC_NO_COMMON_BLOCKS = YES;
				GCC_WARN_64_TO_32_BIT_CONVERSION = YES;
				GCC_WARN_ABOUT_RETURN_TYPE = YES_ERROR;
				GCC_WARN_UNDECLARED_SELECTOR = YES;
				GCC_WARN_UNINITIALIZED_AUTOS = YES_AGGRESSIVE;
				GCC_WARN_UNUSED_FUNCTION = YES;
				GCC_WARN_UNUSED_VARIABLE = YES;
				IPHONEOS_DEPLOYMENT_TARGET = 8.0;
				MTL_ENABLE_DEBUG_INFO = NO;
				MTL_FAST_MATH = YES;
				SDKROOT = iphoneos;
				SWIFT_COMPILATION_MODE = wholemodule;
				SWIFT_OPTIMIZATION_LEVEL = "-O";
				VALIDATE_PRODUCT = YES;
				VALID_ARCHS = "arm64 arm64e armv7 armv7s x86_64";
			};
			name = Release;
		};
		42E4A5DF232C5B5D009C2B00 /* Debug */ = {
			isa = XCBuildConfiguration;
			baseConfigurationReference = 8205F51C62DCFA592AC5C56F /* Pods-TechBlog.debug.xcconfig */;
			buildSettings = {
				ALWAYS_EMBED_SWIFT_STANDARD_LIBRARIES = YES;
				ASSETCATALOG_COMPILER_APPICON_NAME = AppIcon;
				CLANG_ALLOW_NON_MODULAR_INCLUDES_IN_FRAMEWORK_MODULES = NO;
				CODE_SIGN_ENTITLEMENTS = TechBlog/EngineerBlog.entitlements;
				CODE_SIGN_IDENTITY = "Apple Development";
				CODE_SIGN_STYLE = Automatic;
				COPY_HEADERS_RUN_UNIFDEF = NO;
				CURRENT_PROJECT_VERSION = 1.0.15;
				DEVELOPMENT_TEAM = AJ4LF65N26;
				INFOPLIST_FILE = "$(SRCROOT)/TechBlog/Info.plist";
				IPHONEOS_DEPLOYMENT_TARGET = 13.2;
				LD_RUNPATH_SEARCH_PATHS = (
					"$(inherited)",
					"@executable_path/Frameworks",
				);
				LIBRARY_SEARCH_PATHS = "";
				MARKETING_VERSION = 1.0.1;
				ONLY_ACTIVE_ARCH = NO;
				PRODUCT_BUNDLE_IDENTIFIER = gmail.taroooth.engineerblog;
				PRODUCT_NAME = EngineerBlog;
				PROVISIONING_PROFILE_SPECIFIER = "";
				SWIFT_OBJC_BRIDGING_HEADER = "/Users/ryu/Desktop/MyXcodeProjects/EnginnerBlog/TechBlog/EngineerBlog-Bridging-Header.h";
				SWIFT_REFLECTION_METADATA_LEVEL = none;
				SWIFT_VERSION = 5.0;
				TARGETED_DEVICE_FAMILY = 1;
				USER_HEADER_SEARCH_PATHS = "\"${PODS_CONFIGURATION_BUILD_DIR}/FirebaseCore/FirebaseCore.framework/Headers\"/**";
			};
			name = Debug;
		};
		42E4A5E0232C5B5D009C2B00 /* Release */ = {
			isa = XCBuildConfiguration;
			baseConfigurationReference = B6F9ACA8A6E90A0A1A738A90 /* Pods-TechBlog.release.xcconfig */;
			buildSettings = {
				ALWAYS_EMBED_SWIFT_STANDARD_LIBRARIES = YES;
				ASSETCATALOG_COMPILER_APPICON_NAME = AppIcon;
				CLANG_ALLOW_NON_MODULAR_INCLUDES_IN_FRAMEWORK_MODULES = NO;
				CODE_SIGN_ENTITLEMENTS = TechBlog/EngineerBlogRelease.entitlements;
				CODE_SIGN_IDENTITY = "Apple Development";
				CODE_SIGN_STYLE = Automatic;
				COPY_HEADERS_RUN_UNIFDEF = NO;
				CURRENT_PROJECT_VERSION = 1.0.15;
				DEVELOPMENT_TEAM = AJ4LF65N26;
				GCC_OPTIMIZATION_LEVEL = 1;
				INFOPLIST_FILE = "$(SRCROOT)/TechBlog/Info.plist";
				IPHONEOS_DEPLOYMENT_TARGET = 13.2;
				LD_RUNPATH_SEARCH_PATHS = (
					"$(inherited)",
					"@executable_path/Frameworks",
				);
				LIBRARY_SEARCH_PATHS = "";
				MARKETING_VERSION = 1.0.1;
				ONLY_ACTIVE_ARCH = NO;
				PRODUCT_BUNDLE_IDENTIFIER = gmail.taroooth.engineerblog;
				PRODUCT_NAME = EngineerBlog;
				PROVISIONING_PROFILE_SPECIFIER = "";
				SWIFT_OBJC_BRIDGING_HEADER = "/Users/ryu/Desktop/MyXcodeProjects/EnginnerBlog/TechBlog/EngineerBlog-Bridging-Header.h";
				SWIFT_REFLECTION_METADATA_LEVEL = none;
				SWIFT_VERSION = 5.0;
				TARGETED_DEVICE_FAMILY = 1;
				USER_HEADER_SEARCH_PATHS = "\"${PODS_CONFIGURATION_BUILD_DIR}/FirebaseCore/FirebaseCore.framework/Headers\"/**";
			};
			name = Release;
		};
/* End XCBuildConfiguration section */

/* Begin XCConfigurationList section */
		42AC76D02461545A00D5F95A /* Build configuration list for PBXNativeTarget "Presentation" */ = {
			isa = XCConfigurationList;
			buildConfigurations = (
				42AC76B12461545A00D5F95A /* Debug */,
				42AC76B22461545A00D5F95A /* Release */,
			);
			defaultConfigurationIsVisible = 0;
			defaultConfigurationName = Release;
		};
		42AC76DF2461549600D5F95A /* Build configuration list for PBXNativeTarget "DataStore" */ = {
			isa = XCConfigurationList;
			buildConfigurations = (
				42AC76E02461549600D5F95A /* Debug */,
				42AC76E12461549600D5F95A /* Release */,
			);
			defaultConfigurationIsVisible = 0;
			defaultConfigurationName = Release;
		};
		42AC76F0246154C000D5F95A /* Build configuration list for PBXNativeTarget "Domain" */ = {
			isa = XCConfigurationList;
			buildConfigurations = (
				42AC76F1246154C000D5F95A /* Debug */,
				42AC76F2246154C000D5F95A /* Release */,
			);
			defaultConfigurationIsVisible = 0;
			defaultConfigurationName = Release;
		};
		42E4A5C7232C5B58009C2B00 /* Build configuration list for PBXProject "TechBlog" */ = {
			isa = XCConfigurationList;
			buildConfigurations = (
				42E4A5DC232C5B5D009C2B00 /* Debug */,
				42E4A5DD232C5B5D009C2B00 /* Release */,
			);
			defaultConfigurationIsVisible = 0;
			defaultConfigurationName = Release;
		};
		42E4A5DE232C5B5D009C2B00 /* Build configuration list for PBXNativeTarget "TechBlog" */ = {
			isa = XCConfigurationList;
			buildConfigurations = (
				42E4A5DF232C5B5D009C2B00 /* Debug */,
				42E4A5E0232C5B5D009C2B00 /* Release */,
			);
			defaultConfigurationIsVisible = 0;
			defaultConfigurationName = Release;
		};
/* End XCConfigurationList section */
	};
	rootObject = 42E4A5C4232C5B58009C2B00 /* Project object */;
}
